
Microsoft Visual Studio Solution File, Format Version 12.00
# Visual Studio 15
VisualStudioVersion = 15.0.28307.645
MinimumVisualStudioVersion = 10.0.40219.1
Project("{8BC9CEB8-8B4A-11D0-8D11-00A0C91BC942}") = "xengine", "xengine\xengine.vcxproj", "{6E86120D-A40F-4609-A039-ABE413CE1553}"
EndProject
Project("{8BC9CEB8-8B4A-11D0-8D11-00A0C91BC942}") = "demo", "demo\demo.vcxproj", "{872EE9FB-9950-4951-934D-A0E496CB00E7}"
EndProject
Global
	GlobalSection(SolutionConfigurationPlatforms) = preSolution
		Debug|x64 = Debug|x64
		Debug|x86 = Debug|x86
		Release|x64 = Release|x64
		Release|x86 = Release|x86
	EndGlobalSection
	GlobalSection(ProjectConfigurationPlatforms) = postSolution
		{6E86120D-A40F-4609-A039-ABE413CE1553}.Debug|x64.ActiveCfg = Debug|x64
		{6E86120D-A40F-4609-A039-ABE413CE1553}.Debug|x64.Build.0 = Debug|x64
		{6E86120D-A40F-4609-A039-ABE413CE1553}.Debug|x86.ActiveCfg = Debug|Win32
		{6E86120D-A40F-4609-A039-ABE413CE1553}.Debug|x86.Build.0 = Debug|Win32
		{6E86120D-A40F-4609-A039-ABE413CE1553}.Release|x64.ActiveCfg = Release|x64
		{6E86120D-A40F-4609-A039-ABE413CE1553}.Release|x64.Build.0 = Release|x64
		{6E86120D-A40F-4609-A039-ABE413CE1553}.Release|x86.ActiveCfg = Release|Win32
		{6E86120D-A40F-4609-A039-ABE413CE1553}.Release|x86.Build.0 = Release|Win32
		{872EE9FB-9950-4951-934D-A0E496CB00E7}.Debug|x64.ActiveCfg = Debug|x64
		{872EE9FB-9950-4951-934D-A0E496CB00E7}.Debug|x64.Build.0 = Debug|x64
		{872EE9FB-9950-4951-934D-A0E496CB00E7}.Debug|x86.ActiveCfg = Debug|Win32
		{872EE9FB-9950-4951-934D-A0E496CB00E7}.Debug|x86.Build.0 = Debug|Win32
		{872EE9FB-9950-4951-934D-A0E496CB00E7}.Release|x64.ActiveCfg = Release|x64
		{872EE9FB-9950-4951-934D-A0E496CB00E7}.Release|x64.Build.0 = Release|x64
		{872EE9FB-9950-4951-934D-A0E496CB00E7}.Release|x86.ActiveCfg = Release|Win32
		{872EE9FB-9950-4951-934D-A0E496CB00E7}.Release|x86.Build.0 = Release|Win32
	EndGlobalSection
	GlobalSection(SolutionProperties) = preSolution
		HideSolutionNode = FALSE
	EndGlobalSection
	GlobalSection(ExtensibilityGlobals) = postSolution
		SolutionGuid = {37DE5C3A-2CB9-4579-9BFE-B057BF0E393B}
	EndGlobalSection
EndGlobal
